
Microsoft Visual Studio Solution File, Format Version 12.00
# Visual Studio Version 16
VisualStudioVersion = 16.0.29709.97
MinimumVisualStudioVersion = 10.0.40219.1
Project("{FAE04EC0-301F-11D3-BF4B-00C04F79EFBC}") = "PharmApp", "PharmApp\PharmApp.csproj", "{EFCA1782-F385-44B3-A893-B67D9565BD01}"
EndProject
Project("{FAE04EC0-301F-11D3-BF4B-00C04F79EFBC}") = "UnitTest", "UnitTest\UnitTest.csproj", "{3654A3FC-7A9A-496B-91E4-A20722D34A54}"
EndProject
Global
	GlobalSection(SolutionConfigurationPlatforms) = preSolution
		Debug|Any CPU = Debug|Any CPU
		Release|Any CPU = Release|Any CPU
	EndGlobalSection
	GlobalSection(ProjectConfigurationPlatforms) = postSolution
		{EFCA1782-F385-44B3-A893-B67D9565BD01}.Debug|Any CPU.ActiveCfg = Debug|Any CPU
		{EFCA1782-F385-44B3-A893-B67D9565BD01}.Debug|Any CPU.Build.0 = Debug|Any CPU
		{EFCA1782-F385-44B3-A893-B67D9565BD01}.Release|Any CPU.ActiveCfg = Release|Any CPU
		{EFCA1782-F385-44B3-A893-B67D9565BD01}.Release|Any CPU.Build.0 = Release|Any CPU
		{3654A3FC-7A9A-496B-91E4-A20722D34A54}.Debug|Any CPU.ActiveCfg = Debug|Any CPU
		{3654A3FC-7A9A-496B-91E4-A20722D34A54}.Debug|Any CPU.Build.0 = Debug|Any CPU
		{3654A3FC-7A9A-496B-91E4-A20722D34A54}.Release|Any CPU.ActiveCfg = Release|Any CPU
		{3654A3FC-7A9A-496B-91E4-A20722D34A54}.Release|Any CPU.Build.0 = Release|Any CPU
	EndGlobalSection
	GlobalSection(SolutionProperties) = preSolution
		HideSolutionNode = FALSE
	EndGlobalSection
	GlobalSection(ExtensibilityGlobals) = postSolution
		SolutionGuid = {C0252C8B-2FE6-427E-AAF3-67E03069649F}
	EndGlobalSection
EndGlobal
